
Microsoft Visual Studio Solution File, Format Version 12.00
# Visual Studio 15
VisualStudioVersion = 15.0.27130.2036
MinimumVisualStudioVersion = 10.0.40219.1
Project("{FAE04EC0-301F-11D3-BF4B-00C04F79EFBC}") = "JTTT", "JTTT\JTTT.csproj", "{7D50E1E8-6E41-4D68-8DD2-CAFB963D422D}"
EndProject
Global
	GlobalSection(SolutionConfigurationPlatforms) = preSolution
		Debug|Any CPU = Debug|Any CPU
		Release|Any CPU = Release|Any CPU
	EndGlobalSection
	GlobalSection(ProjectConfigurationPlatforms) = postSolution
		{7D50E1E8-6E41-4D68-8DD2-CAFB963D422D}.Debug|Any CPU.ActiveCfg = Debug|Any CPU
		{7D50E1E8-6E41-4D68-8DD2-CAFB963D422D}.Debug|Any CPU.Build.0 = Debug|Any CPU
		{7D50E1E8-6E41-4D68-8DD2-CAFB963D422D}.Release|Any CPU.ActiveCfg = Release|Any CPU
		{7D50E1E8-6E41-4D68-8DD2-CAFB963D422D}.Release|Any CPU.Build.0 = Release|Any CPU
	EndGlobalSection
	GlobalSection(SolutionProperties) = preSolution
		HideSolutionNode = FALSE
	EndGlobalSection
	GlobalSection(ExtensibilityGlobals) = postSolution
		SolutionGuid = {1BB9E0E4-C7BD-497C-8D2C-75837E7B5852}
	EndGlobalSection
EndGlobal
